// !$*UTF8*$!
{
	archiveVersion = 1;
	classes = {
	};
	objectVersion = 46;
	objects = {

/* Begin PBXBuildFile section */
		0DB74CED19BADB64008E7CC1 /* HCSettingsViewController.m in Sources */ = {isa = PBXBuildFile; fileRef = 0DB74CEB19BADB64008E7CC1 /* HCSettingsViewController.m */; };
		0DB74CEE19BADB64008E7CC1 /* HCSettingsViewController.xib in Resources */ = {isa = PBXBuildFile; fileRef = 0DB74CEC19BADB64008E7CC1 /* HCSettingsViewController.xib */; };
		5858BF0D19BAEFF600E0DD5E /* FacebookSDK.framework in Frameworks */ = {isa = PBXBuildFile; fileRef = 5858BF0C19BAEFF600E0DD5E /* FacebookSDK.framework */; };
		585ECE7C19BAD32600072C39 /* HCDataCenter.m in Sources */ = {isa = PBXBuildFile; fileRef = 585ECE7B19BAD32600072C39 /* HCDataCenter.m */; };
		58E2DAC519BAC6CC0047444E /* Foundation.framework in Frameworks */ = {isa = PBXBuildFile; fileRef = 58E2DAC419BAC6CC0047444E /* Foundation.framework */; };
		58E2DAC719BAC6CC0047444E /* CoreGraphics.framework in Frameworks */ = {isa = PBXBuildFile; fileRef = 58E2DAC619BAC6CC0047444E /* CoreGraphics.framework */; };
		58E2DAC919BAC6CC0047444E /* UIKit.framework in Frameworks */ = {isa = PBXBuildFile; fileRef = 58E2DAC819BAC6CC0047444E /* UIKit.framework */; };
		58E2DACF19BAC6CC0047444E /* InfoPlist.strings in Resources */ = {isa = PBXBuildFile; fileRef = 58E2DACD19BAC6CC0047444E /* InfoPlist.strings */; };
		58E2DAD119BAC6CC0047444E /* main.m in Sources */ = {isa = PBXBuildFile; fileRef = 58E2DAD019BAC6CC0047444E /* main.m */; };
		58E2DAD519BAC6CC0047444E /* HCAppDelegate.m in Sources */ = {isa = PBXBuildFile; fileRef = 58E2DAD419BAC6CC0047444E /* HCAppDelegate.m */; };
		58E2DAD719BAC6CC0047444E /* Images.xcassets in Resources */ = {isa = PBXBuildFile; fileRef = 58E2DAD619BAC6CC0047444E /* Images.xcassets */; };
		58E2DADE19BAC6CC0047444E /* XCTest.framework in Frameworks */ = {isa = PBXBuildFile; fileRef = 58E2DADD19BAC6CC0047444E /* XCTest.framework */; };
		58E2DADF19BAC6CC0047444E /* Foundation.framework in Frameworks */ = {isa = PBXBuildFile; fileRef = 58E2DAC419BAC6CC0047444E /* Foundation.framework */; };
		58E2DAE019BAC6CC0047444E /* UIKit.framework in Frameworks */ = {isa = PBXBuildFile; fileRef = 58E2DAC819BAC6CC0047444E /* UIKit.framework */; };
		58E2DAE819BAC6CC0047444E /* InfoPlist.strings in Resources */ = {isa = PBXBuildFile; fileRef = 58E2DAE619BAC6CC0047444E /* InfoPlist.strings */; };
		58E2DAEA19BAC6CC0047444E /* HacerTests.m in Sources */ = {isa = PBXBuildFile; fileRef = 58E2DAE919BAC6CC0047444E /* HacerTests.m */; };
		58E2DAF619BAC8200047444E /* Bolts.framework in Frameworks */ = {isa = PBXBuildFile; fileRef = 58E2DAF519BAC8200047444E /* Bolts.framework */; };
		58E2DAF819BAC82B0047444E /* Parse.framework in Frameworks */ = {isa = PBXBuildFile; fileRef = 58E2DAF719BAC82B0047444E /* Parse.framework */; };
		58E2DAFA19BAC8660047444E /* AudioToolbox.framework in Frameworks */ = {isa = PBXBuildFile; fileRef = 58E2DAF919BAC8660047444E /* AudioToolbox.framework */; };
		58E2DAFC19BAC8770047444E /* CFNetwork.framework in Frameworks */ = {isa = PBXBuildFile; fileRef = 58E2DAFB19BAC8770047444E /* CFNetwork.framework */; };
		58E2DAFE19BAC8810047444E /* CoreLocation.framework in Frameworks */ = {isa = PBXBuildFile; fileRef = 58E2DAFD19BAC8810047444E /* CoreLocation.framework */; };
		58E2DB0019BAC88A0047444E /* libz.dylib in Frameworks */ = {isa = PBXBuildFile; fileRef = 58E2DAFF19BAC88A0047444E /* libz.dylib */; };
		58E2DB0219BAC8980047444E /* MobileCoreServices.framework in Frameworks */ = {isa = PBXBuildFile; fileRef = 58E2DB0119BAC8980047444E /* MobileCoreServices.framework */; };
		58E2DB0419BAC8A00047444E /* QuartzCore.framework in Frameworks */ = {isa = PBXBuildFile; fileRef = 58E2DB0319BAC8A00047444E /* QuartzCore.framework */; };
		58E2DB0619BAC8A80047444E /* Security.framework in Frameworks */ = {isa = PBXBuildFile; fileRef = 58E2DB0519BAC8A80047444E /* Security.framework */; };
		58E2DB0819BAC8B10047444E /* StoreKit.framework in Frameworks */ = {isa = PBXBuildFile; fileRef = 58E2DB0719BAC8B10047444E /* StoreKit.framework */; };
		58E2DB0A19BAC8CA0047444E /* SystemConfiguration.framework in Frameworks */ = {isa = PBXBuildFile; fileRef = 58E2DB0919BAC8CA0047444E /* SystemConfiguration.framework */; };
		58E2DB1119BACFAD0047444E /* HCLoginViewController.m in Sources */ = {isa = PBXBuildFile; fileRef = 58E2DB0F19BACFAD0047444E /* HCLoginViewController.m */; };
		58E2DB1219BACFAD0047444E /* HCLoginViewController.xib in Resources */ = {isa = PBXBuildFile; fileRef = 58E2DB1019BACFAD0047444E /* HCLoginViewController.xib */; };
/* End PBXBuildFile section */

/* Begin PBXContainerItemProxy section */
		58E2DAE119BAC6CC0047444E /* PBXContainerItemProxy */ = {
			isa = PBXContainerItemProxy;
			containerPortal = 58E2DAB919BAC6CC0047444E /* Project object */;
			proxyType = 1;
			remoteGlobalIDString = 58E2DAC019BAC6CC0047444E;
			remoteInfo = Hacer;
		};
/* End PBXContainerItemProxy section */

/* Begin PBXFileReference section */
		0DB74CEA19BADB64008E7CC1 /* HCSettingsViewController.h */ = {isa = PBXFileReference; fileEncoding = 4; lastKnownFileType = sourcecode.c.h; path = HCSettingsViewController.h; sourceTree = "<group>"; };
		0DB74CEB19BADB64008E7CC1 /* HCSettingsViewController.m */ = {isa = PBXFileReference; fileEncoding = 4; lastKnownFileType = sourcecode.c.objc; path = HCSettingsViewController.m; sourceTree = "<group>"; };
		0DB74CEC19BADB64008E7CC1 /* HCSettingsViewController.xib */ = {isa = PBXFileReference; fileEncoding = 4; lastKnownFileType = file.xib; path = HCSettingsViewController.xib; sourceTree = "<group>"; };
		5858BF0C19BAEFF600E0DD5E /* FacebookSDK.framework */ = {isa = PBXFileReference; lastKnownFileType = wrapper.framework; path = FacebookSDK.framework; sourceTree = "<group>"; };
		585ECE7B19BAD32600072C39 /* HCDataCenter.m */ = {isa = PBXFileReference; fileEncoding = 4; lastKnownFileType = sourcecode.c.objc; path = HCDataCenter.m; sourceTree = "<group>"; };
		585ECE7D19BAD32F00072C39 /* HCDataCenter.h */ = {isa = PBXFileReference; lastKnownFileType = sourcecode.c.h; path = HCDataCenter.h; sourceTree = "<group>"; };
		58E2DAC119BAC6CC0047444E /* Hacer.app */ = {isa = PBXFileReference; explicitFileType = wrapper.application; includeInIndex = 0; path = Hacer.app; sourceTree = BUILT_PRODUCTS_DIR; };
		58E2DAC419BAC6CC0047444E /* Foundation.framework */ = {isa = PBXFileReference; lastKnownFileType = wrapper.framework; name = Foundation.framework; path = System/Library/Frameworks/Foundation.framework; sourceTree = SDKROOT; };
		58E2DAC619BAC6CC0047444E /* CoreGraphics.framework */ = {isa = PBXFileReference; lastKnownFileType = wrapper.framework; name = CoreGraphics.framework; path = System/Library/Frameworks/CoreGraphics.framework; sourceTree = SDKROOT; };
		58E2DAC819BAC6CC0047444E /* UIKit.framework */ = {isa = PBXFileReference; lastKnownFileType = wrapper.framework; name = UIKit.framework; path = System/Library/Frameworks/UIKit.framework; sourceTree = SDKROOT; };
		58E2DACC19BAC6CC0047444E /* Hacer-Info.plist */ = {isa = PBXFileReference; lastKnownFileType = text.plist.xml; path = "Hacer-Info.plist"; sourceTree = "<group>"; };
		58E2DACE19BAC6CC0047444E /* en */ = {isa = PBXFileReference; lastKnownFileType = text.plist.strings; name = en; path = en.lproj/InfoPlist.strings; sourceTree = "<group>"; };
		58E2DAD019BAC6CC0047444E /* main.m */ = {isa = PBXFileReference; lastKnownFileType = sourcecode.c.objc; path = main.m; sourceTree = "<group>"; };
		58E2DAD219BAC6CC0047444E /* Hacer-Prefix.pch */ = {isa = PBXFileReference; lastKnownFileType = sourcecode.c.h; path = "Hacer-Prefix.pch"; sourceTree = "<group>"; };
		58E2DAD319BAC6CC0047444E /* HCAppDelegate.h */ = {isa = PBXFileReference; lastKnownFileType = sourcecode.c.h; path = HCAppDelegate.h; sourceTree = "<group>"; };
		58E2DAD419BAC6CC0047444E /* HCAppDelegate.m */ = {isa = PBXFileReference; lastKnownFileType = sourcecode.c.objc; path = HCAppDelegate.m; sourceTree = "<group>"; };
		58E2DAD619BAC6CC0047444E /* Images.xcassets */ = {isa = PBXFileReference; lastKnownFileType = folder.assetcatalog; path = Images.xcassets; sourceTree = "<group>"; };
		58E2DADC19BAC6CC0047444E /* HacerTests.xctest */ = {isa = PBXFileReference; explicitFileType = wrapper.cfbundle; includeInIndex = 0; path = HacerTests.xctest; sourceTree = BUILT_PRODUCTS_DIR; };
		58E2DADD19BAC6CC0047444E /* XCTest.framework */ = {isa = PBXFileReference; lastKnownFileType = wrapper.framework; name = XCTest.framework; path = Library/Frameworks/XCTest.framework; sourceTree = DEVELOPER_DIR; };
		58E2DAE519BAC6CC0047444E /* HacerTests-Info.plist */ = {isa = PBXFileReference; lastKnownFileType = text.plist.xml; path = "HacerTests-Info.plist"; sourceTree = "<group>"; };
		58E2DAE719BAC6CC0047444E /* en */ = {isa = PBXFileReference; lastKnownFileType = text.plist.strings; name = en; path = en.lproj/InfoPlist.strings; sourceTree = "<group>"; };
		58E2DAE919BAC6CC0047444E /* HacerTests.m */ = {isa = PBXFileReference; lastKnownFileType = sourcecode.c.objc; path = HacerTests.m; sourceTree = "<group>"; };
		58E2DAF519BAC8200047444E /* Bolts.framework */ = {isa = PBXFileReference; lastKnownFileType = wrapper.framework; path = Bolts.framework; sourceTree = "<group>"; };
		58E2DAF719BAC82B0047444E /* Parse.framework */ = {isa = PBXFileReference; lastKnownFileType = wrapper.framework; path = Parse.framework; sourceTree = "<group>"; };
		58E2DAF919BAC8660047444E /* AudioToolbox.framework */ = {isa = PBXFileReference; lastKnownFileType = wrapper.framework; name = AudioToolbox.framework; path = System/Library/Frameworks/AudioToolbox.framework; sourceTree = SDKROOT; };
		58E2DAFB19BAC8770047444E /* CFNetwork.framework */ = {isa = PBXFileReference; lastKnownFileType = wrapper.framework; name = CFNetwork.framework; path = System/Library/Frameworks/CFNetwork.framework; sourceTree = SDKROOT; };
		58E2DAFD19BAC8810047444E /* CoreLocation.framework */ = {isa = PBXFileReference; lastKnownFileType = wrapper.framework; name = CoreLocation.framework; path = System/Library/Frameworks/CoreLocation.framework; sourceTree = SDKROOT; };
		58E2DAFF19BAC88A0047444E /* libz.dylib */ = {isa = PBXFileReference; lastKnownFileType = "compiled.mach-o.dylib"; name = libz.dylib; path = usr/lib/libz.dylib; sourceTree = SDKROOT; };
		58E2DB0119BAC8980047444E /* MobileCoreServices.framework */ = {isa = PBXFileReference; lastKnownFileType = wrapper.framework; name = MobileCoreServices.framework; path = System/Library/Frameworks/MobileCoreServices.framework; sourceTree = SDKROOT; };
		58E2DB0319BAC8A00047444E /* QuartzCore.framework */ = {isa = PBXFileReference; lastKnownFileType = wrapper.framework; name = QuartzCore.framework; path = System/Library/Frameworks/QuartzCore.framework; sourceTree = SDKROOT; };
		58E2DB0519BAC8A80047444E /* Security.framework */ = {isa = PBXFileReference; lastKnownFileType = wrapper.framework; name = Security.framework; path = System/Library/Frameworks/Security.framework; sourceTree = SDKROOT; };
		58E2DB0719BAC8B10047444E /* StoreKit.framework */ = {isa = PBXFileReference; lastKnownFileType = wrapper.framework; name = StoreKit.framework; path = System/Library/Frameworks/StoreKit.framework; sourceTree = SDKROOT; };
		58E2DB0919BAC8CA0047444E /* SystemConfiguration.framework */ = {isa = PBXFileReference; lastKnownFileType = wrapper.framework; name = SystemConfiguration.framework; path = System/Library/Frameworks/SystemConfiguration.framework; sourceTree = SDKROOT; };
		58E2DB0E19BACFAD0047444E /* HCLoginViewController.h */ = {isa = PBXFileReference; fileEncoding = 4; lastKnownFileType = sourcecode.c.h; path = HCLoginViewController.h; sourceTree = "<group>"; };
		58E2DB0F19BACFAD0047444E /* HCLoginViewController.m */ = {isa = PBXFileReference; fileEncoding = 4; lastKnownFileType = sourcecode.c.objc; path = HCLoginViewController.m; sourceTree = "<group>"; };
		58E2DB1019BACFAD0047444E /* HCLoginViewController.xib */ = {isa = PBXFileReference; fileEncoding = 4; lastKnownFileType = file.xib; path = HCLoginViewController.xib; sourceTree = "<group>"; };
/* End PBXFileReference section */

/* Begin PBXFrameworksBuildPhase section */
		58E2DABE19BAC6CC0047444E /* Frameworks */ = {
			isa = PBXFrameworksBuildPhase;
			buildActionMask = 2147483647;
			files = (
				58E2DB0A19BAC8CA0047444E /* SystemConfiguration.framework in Frameworks */,
				58E2DB0819BAC8B10047444E /* StoreKit.framework in Frameworks */,
				58E2DB0619BAC8A80047444E /* Security.framework in Frameworks */,
				58E2DB0419BAC8A00047444E /* QuartzCore.framework in Frameworks */,
				58E2DB0219BAC8980047444E /* MobileCoreServices.framework in Frameworks */,
				58E2DB0019BAC88A0047444E /* libz.dylib in Frameworks */,
				58E2DAFE19BAC8810047444E /* CoreLocation.framework in Frameworks */,
				58E2DAFC19BAC8770047444E /* CFNetwork.framework in Frameworks */,
				58E2DAFA19BAC8660047444E /* AudioToolbox.framework in Frameworks */,
				58E2DAC719BAC6CC0047444E /* CoreGraphics.framework in Frameworks */,
				58E2DAC919BAC6CC0047444E /* UIKit.framework in Frameworks */,
				5858BF0D19BAEFF600E0DD5E /* FacebookSDK.framework in Frameworks */,
				58E2DAC519BAC6CC0047444E /* Foundation.framework in Frameworks */,
				58E2DAF619BAC8200047444E /* Bolts.framework in Frameworks */,
				58E2DAF819BAC82B0047444E /* Parse.framework in Frameworks */,
			);
			runOnlyForDeploymentPostprocessing = 0;
		};
		58E2DAD919BAC6CC0047444E /* Frameworks */ = {
			isa = PBXFrameworksBuildPhase;
			buildActionMask = 2147483647;
			files = (
				58E2DADE19BAC6CC0047444E /* XCTest.framework in Frameworks */,
				58E2DAE019BAC6CC0047444E /* UIKit.framework in Frameworks */,
				58E2DADF19BAC6CC0047444E /* Foundation.framework in Frameworks */,
			);
			runOnlyForDeploymentPostprocessing = 0;
		};
/* End PBXFrameworksBuildPhase section */

/* Begin PBXGroup section */
		585ECE7E19BAD33200072C39 /* Data */ = {
			isa = PBXGroup;
			children = (
				585ECE7D19BAD32F00072C39 /* HCDataCenter.h */,
				585ECE7B19BAD32600072C39 /* HCDataCenter.m */,
			);
			name = Data;
			sourceTree = "<group>";
		};
		58E2DAB819BAC6CC0047444E = {
			isa = PBXGroup;
			children = (
				58E2DACA19BAC6CC0047444E /* Hacer */,
				58E2DAE319BAC6CC0047444E /* HacerTests */,
				58E2DAC319BAC6CC0047444E /* Frameworks */,
				58E2DAC219BAC6CC0047444E /* Products */,
			);
			sourceTree = "<group>";
		};
		58E2DAC219BAC6CC0047444E /* Products */ = {
			isa = PBXGroup;
			children = (
				58E2DAC119BAC6CC0047444E /* Hacer.app */,
				58E2DADC19BAC6CC0047444E /* HacerTests.xctest */,
			);
			name = Products;
			sourceTree = "<group>";
		};
		58E2DAC319BAC6CC0047444E /* Frameworks */ = {
			isa = PBXGroup;
			children = (
				5858BF0C19BAEFF600E0DD5E /* FacebookSDK.framework */,
				58E2DB0919BAC8CA0047444E /* SystemConfiguration.framework */,
				58E2DB0719BAC8B10047444E /* StoreKit.framework */,
				58E2DB0519BAC8A80047444E /* Security.framework */,
				58E2DB0319BAC8A00047444E /* QuartzCore.framework */,
				58E2DB0119BAC8980047444E /* MobileCoreServices.framework */,
				58E2DAFF19BAC88A0047444E /* libz.dylib */,
				58E2DAFD19BAC8810047444E /* CoreLocation.framework */,
				58E2DAFB19BAC8770047444E /* CFNetwork.framework */,
				58E2DAF919BAC8660047444E /* AudioToolbox.framework */,
				58E2DAF519BAC8200047444E /* Bolts.framework */,
				58E2DAC419BAC6CC0047444E /* Foundation.framework */,
				58E2DAC619BAC6CC0047444E /* CoreGraphics.framework */,
				58E2DAF719BAC82B0047444E /* Parse.framework */,
				58E2DAC819BAC6CC0047444E /* UIKit.framework */,
				58E2DADD19BAC6CC0047444E /* XCTest.framework */,
			);
			name = Frameworks;
			sourceTree = "<group>";
		};
		58E2DACA19BAC6CC0047444E /* Hacer */ = {
			isa = PBXGroup;
			children = (
				585ECE7E19BAD33200072C39 /* Data */,
				58E2DB0D19BACF5C0047444E /* General */,
				58E2DAD619BAC6CC0047444E /* Images.xcassets */,
				58E2DACB19BAC6CC0047444E /* Supporting Files */,
			);
			path = Hacer;
			sourceTree = "<group>";
		};
		58E2DACB19BAC6CC0047444E /* Supporting Files */ = {
			isa = PBXGroup;
			children = (
				58E2DACC19BAC6CC0047444E /* Hacer-Info.plist */,
				58E2DACD19BAC6CC0047444E /* InfoPlist.strings */,
				58E2DAD019BAC6CC0047444E /* main.m */,
				58E2DAD219BAC6CC0047444E /* Hacer-Prefix.pch */,
			);
			name = "Supporting Files";
			sourceTree = "<group>";
		};
		58E2DAE319BAC6CC0047444E /* HacerTests */ = {
			isa = PBXGroup;
			children = (
				58E2DAE919BAC6CC0047444E /* HacerTests.m */,
				58E2DAE419BAC6CC0047444E /* Supporting Files */,
			);
			path = HacerTests;
			sourceTree = "<group>";
		};
		58E2DAE419BAC6CC0047444E /* Supporting Files */ = {
			isa = PBXGroup;
			children = (
				58E2DAE519BAC6CC0047444E /* HacerTests-Info.plist */,
				58E2DAE619BAC6CC0047444E /* InfoPlist.strings */,
			);
			name = "Supporting Files";
			sourceTree = "<group>";
		};
		58E2DB0D19BACF5C0047444E /* General */ = {
			isa = PBXGroup;
			children = (
				58E2DAD319BAC6CC0047444E /* HCAppDelegate.h */,
				58E2DAD419BAC6CC0047444E /* HCAppDelegate.m */,
				58E2DB0E19BACFAD0047444E /* HCLoginViewController.h */,
				58E2DB0F19BACFAD0047444E /* HCLoginViewController.m */,
				58E2DB1019BACFAD0047444E /* HCLoginViewController.xib */,
				0DB74CEA19BADB64008E7CC1 /* HCSettingsViewController.h */,
				0DB74CEB19BADB64008E7CC1 /* HCSettingsViewController.m */,
				0DB74CEC19BADB64008E7CC1 /* HCSettingsViewController.xib */,
			);
			name = General;
			sourceTree = "<group>";
		};
/* End PBXGroup section */

/* Begin PBXNativeTarget section */
		58E2DAC019BAC6CC0047444E /* Hacer */ = {
			isa = PBXNativeTarget;
			buildConfigurationList = 58E2DAED19BAC6CC0047444E /* Build configuration list for PBXNativeTarget "Hacer" */;
			buildPhases = (
				58E2DABD19BAC6CC0047444E /* Sources */,
				58E2DABE19BAC6CC0047444E /* Frameworks */,
				58E2DABF19BAC6CC0047444E /* Resources */,
			);
			buildRules = (
			);
			dependencies = (
			);
			name = Hacer;
			productName = Hacer;
			productReference = 58E2DAC119BAC6CC0047444E /* Hacer.app */;
			productType = "com.apple.product-type.application";
		};
		58E2DADB19BAC6CC0047444E /* HacerTests */ = {
			isa = PBXNativeTarget;
			buildConfigurationList = 58E2DAF019BAC6CC0047444E /* Build configuration list for PBXNativeTarget "HacerTests" */;
			buildPhases = (
				58E2DAD819BAC6CC0047444E /* Sources */,
				58E2DAD919BAC6CC0047444E /* Frameworks */,
				58E2DADA19BAC6CC0047444E /* Resources */,
			);
			buildRules = (
			);
			dependencies = (
				58E2DAE219BAC6CC0047444E /* PBXTargetDependency */,
			);
			name = HacerTests;
			productName = HacerTests;
			productReference = 58E2DADC19BAC6CC0047444E /* HacerTests.xctest */;
			productType = "com.apple.product-type.bundle.unit-test";
		};
/* End PBXNativeTarget section */

/* Begin PBXProject section */
		58E2DAB919BAC6CC0047444E /* Project object */ = {
			isa = PBXProject;
			attributes = {
				CLASSPREFIX = HC;
				LastUpgradeCheck = 0510;
				ORGANIZATIONNAME = XSZ;
				TargetAttributes = {
					58E2DADB19BAC6CC0047444E = {
						TestTargetID = 58E2DAC019BAC6CC0047444E;
					};
				};
			};
			buildConfigurationList = 58E2DABC19BAC6CC0047444E /* Build configuration list for PBXProject "Hacer" */;
			compatibilityVersion = "Xcode 3.2";
			developmentRegion = English;
			hasScannedForEncodings = 0;
			knownRegions = (
				en,
				he,
			);
			mainGroup = 58E2DAB819BAC6CC0047444E;
			productRefGroup = 58E2DAC219BAC6CC0047444E /* Products */;
			projectDirPath = "";
			projectRoot = "";
			targets = (
				58E2DAC019BAC6CC0047444E /* Hacer */,
				58E2DADB19BAC6CC0047444E /* HacerTests */,
			);
		};
/* End PBXProject section */

/* Begin PBXResourcesBuildPhase section */
		58E2DABF19BAC6CC0047444E /* Resources */ = {
			isa = PBXResourcesBuildPhase;
			buildActionMask = 2147483647;
			files = (
				0DB74CEE19BADB64008E7CC1 /* HCSettingsViewController.xib in Resources */,
				58E2DACF19BAC6CC0047444E /* InfoPlist.strings in Resources */,
				58E2DAD719BAC6CC0047444E /* Images.xcassets in Resources */,
				58E2DB1219BACFAD0047444E /* HCLoginViewController.xib in Resources */,
			);
			runOnlyForDeploymentPostprocessing = 0;
		};
		58E2DADA19BAC6CC0047444E /* Resources */ = {
			isa = PBXResourcesBuildPhase;
			buildActionMask = 2147483647;
			files = (
				58E2DAE819BAC6CC0047444E /* InfoPlist.strings in Resources */,
			);
			runOnlyForDeploymentPostprocessing = 0;
		};
/* End PBXResourcesBuildPhase section */

/* Begin PBXSourcesBuildPhase section */
		58E2DABD19BAC6CC0047444E /* Sources */ = {
			isa = PBXSourcesBuildPhase;
			buildActionMask = 2147483647;
			files = (
				58E2DB1119BACFAD0047444E /* HCLoginViewController.m in Sources */,
				58E2DAD119BAC6CC0047444E /* main.m in Sources */,
				58E2DAD519BAC6CC0047444E /* HCAppDelegate.m in Sources */,
				0DB74CED19BADB64008E7CC1 /* HCSettingsViewController.m in Sources */,
				585ECE7C19BAD32600072C39 /* HCDataCenter.m in Sources */,
			);
			runOnlyForDeploymentPostprocessing = 0;
		};
		58E2DAD819BAC6CC0047444E /* Sources */ = {
			isa = PBXSourcesBuildPhase;
			buildActionMask = 2147483647;
			files = (
				58E2DAEA19BAC6CC0047444E /* HacerTests.m in Sources */,
			);
			runOnlyForDeploymentPostprocessing = 0;
		};
/* End PBXSourcesBuildPhase section */

/* Begin PBXTargetDependency section */
		58E2DAE219BAC6CC0047444E /* PBXTargetDependency */ = {
			isa = PBXTargetDependency;
			target = 58E2DAC019BAC6CC0047444E /* Hacer */;
			targetProxy = 58E2DAE119BAC6CC0047444E /* PBXContainerItemProxy */;
		};
/* End PBXTargetDependency section */

/* Begin PBXVariantGroup section */
		58E2DACD19BAC6CC0047444E /* InfoPlist.strings */ = {
			isa = PBXVariantGroup;
			children = (
				58E2DACE19BAC6CC0047444E /* en */,
			);
			name = InfoPlist.strings;
			sourceTree = "<group>";
		};
		58E2DAE619BAC6CC0047444E /* InfoPlist.strings */ = {
			isa = PBXVariantGroup;
			children = (
				58E2DAE719BAC6CC0047444E /* en */,
			);
			name = InfoPlist.strings;
			sourceTree = "<group>";
		};
/* End PBXVariantGroup section */

/* Begin XCBuildConfiguration section */
		58E2DAEB19BAC6CC0047444E /* Debug */ = {
			isa = XCBuildConfiguration;
			buildSettings = {
				ALWAYS_SEARCH_USER_PATHS = NO;
				CLANG_CXX_LANGUAGE_STANDARD = "gnu++0x";
				CLANG_CXX_LIBRARY = "libc++";
				CLANG_ENABLE_MODULES = YES;
				CLANG_ENABLE_OBJC_ARC = YES;
				CLANG_WARN_BOOL_CONVERSION = YES;
				CLANG_WARN_CONSTANT_CONVERSION = YES;
				CLANG_WARN_DIRECT_OBJC_ISA_USAGE = YES_ERROR;
				CLANG_WARN_EMPTY_BODY = YES;
				CLANG_WARN_ENUM_CONVERSION = YES;
				CLANG_WARN_INT_CONVERSION = YES;
				CLANG_WARN_OBJC_ROOT_CLASS = YES_ERROR;
				CLANG_WARN__DUPLICATE_METHOD_MATCH = YES;
				"CODE_SIGN_IDENTITY[sdk=iphoneos*]" = "iPhone Developer";
				COPY_PHASE_STRIP = NO;
				GCC_C_LANGUAGE_STANDARD = gnu99;
				GCC_DYNAMIC_NO_PIC = NO;
				GCC_OPTIMIZATION_LEVEL = 0;
				GCC_PREPROCESSOR_DEFINITIONS = (
					"DEBUG=1",
					"$(inherited)",
				);
				GCC_SYMBOLS_PRIVATE_EXTERN = NO;
				GCC_WARN_64_TO_32_BIT_CONVERSION = YES;
				GCC_WARN_ABOUT_RETURN_TYPE = YES_ERROR;
				GCC_WARN_UNDECLARED_SELECTOR = YES;
				GCC_WARN_UNINITIALIZED_AUTOS = YES_AGGRESSIVE;
				GCC_WARN_UNUSED_FUNCTION = YES;
				GCC_WARN_UNUSED_VARIABLE = YES;
				IPHONEOS_DEPLOYMENT_TARGET = 7.1;
				ONLY_ACTIVE_ARCH = YES;
				SDKROOT = iphoneos;
			};
			name = Debug;
		};
		58E2DAEC19BAC6CC0047444E /* Release */ = {
			isa = XCBuildConfiguration;
			buildSettings = {
				ALWAYS_SEARCH_USER_PATHS = NO;
				CLANG_CXX_LANGUAGE_STANDARD = "gnu++0x";
				CLANG_CXX_LIBRARY = "libc++";
				CLANG_ENABLE_MODULES = YES;
				CLANG_ENABLE_OBJC_ARC = YES;
				CLANG_WARN_BOOL_CONVERSION = YES;
				CLANG_WARN_CONSTANT_CONVERSION = YES;
				CLANG_WARN_DIRECT_OBJC_ISA_USAGE = YES_ERROR;
				CLANG_WARN_EMPTY_BODY = YES;
				CLANG_WARN_ENUM_CONVERSION = YES;
				CLANG_WARN_INT_CONVERSION = YES;
				CLANG_WARN_OBJC_ROOT_CLASS = YES_ERROR;
				CLANG_WARN__DUPLICATE_METHOD_MATCH = YES;
				"CODE_SIGN_IDENTITY[sdk=iphoneos*]" = "iPhone Developer";
				COPY_PHASE_STRIP = YES;
				ENABLE_NS_ASSERTIONS = NO;
				GCC_C_LANGUAGE_STANDARD = gnu99;
				GCC_WARN_64_TO_32_BIT_CONVERSION = YES;
				GCC_WARN_ABOUT_RETURN_TYPE = YES_ERROR;
				GCC_WARN_UNDECLARED_SELECTOR = YES;
				GCC_WARN_UNINITIALIZED_AUTOS = YES_AGGRESSIVE;
				GCC_WARN_UNUSED_FUNCTION = YES;
				GCC_WARN_UNUSED_VARIABLE = YES;
				IPHONEOS_DEPLOYMENT_TARGET = 7.1;
				SDKROOT = iphoneos;
				VALIDATE_PRODUCT = YES;
			};
			name = Release;
		};
		58E2DAEE19BAC6CC0047444E /* Debug */ = {
			isa = XCBuildConfiguration;
			buildSettings = {
				ASSETCATALOG_COMPILER_APPICON_NAME = AppIcon;
				ASSETCATALOG_COMPILER_LAUNCHIMAGE_NAME = LaunchImage;
				FRAMEWORK_SEARCH_PATHS = (
					"$(inherited)",
					"$(PROJECT_DIR)",
					"$(PROJECT_DIR)/FacebookSDK",
					"$(PROJECT_DIR)/FacebookSDK/FBAudienceNetwork",
				);
				GCC_PRECOMPILE_PREFIX_HEADER = YES;
				GCC_PREFIX_HEADER = "Hacer/Hacer-Prefix.pch";
				INFOPLIST_FILE = "Hacer/Hacer-Info.plist";
				PRODUCT_NAME = "$(TARGET_NAME)";
				WRAPPER_EXTENSION = app;
			};
			name = Debug;
		};
		58E2DAEF19BAC6CC0047444E /* Release */ = {
			isa = XCBuildConfiguration;
			buildSettings = {
				ASSETCATALOG_COMPILER_APPICON_NAME = AppIcon;
				ASSETCATALOG_COMPILER_LAUNCHIMAGE_NAME = LaunchImage;
				FRAMEWORK_SEARCH_PATHS = (
					"$(inherited)",
					"$(PROJECT_DIR)",
					"$(PROJECT_DIR)/FacebookSDK",
					"$(PROJECT_DIR)/FacebookSDK/FBAudienceNetwork",
				);
				GCC_PRECOMPILE_PREFIX_HEADER = YES;
				GCC_PREFIX_HEADER = "Hacer/Hacer-Prefix.pch";
				INFOPLIST_FILE = "Hacer/Hacer-Info.plist";
				PRODUCT_NAME = "$(TARGET_NAME)";
				WRAPPER_EXTENSION = app;
			};
			name = Release;
		};
		58E2DAF119BAC6CC0047444E /* Debug */ = {
			isa = XCBuildConfiguration;
			buildSettings = {
				BUNDLE_LOADER = "$(BUILT_PRODUCTS_DIR)/Hacer.app/Hacer";
				FRAMEWORK_SEARCH_PATHS = (
					"$(SDKROOT)/Developer/Library/Frameworks",
					"$(inherited)",
					"$(DEVELOPER_FRAMEWORKS_DIR)",
				);
				GCC_PRECOMPILE_PREFIX_HEADER = YES;
				GCC_PREFIX_HEADER = "Hacer/Hacer-Prefix.pch";
				GCC_PREPROCESSOR_DEFINITIONS = (
					"DEBUG=1",
					"$(inherited)",
				);
				INFOPLIST_FILE = "HacerTests/HacerTests-Info.plist";
				PRODUCT_NAME = "$(TARGET_NAME)";
				TEST_HOST = "$(BUNDLE_LOADER)";
				WRAPPER_EXTENSION = xctest;
			};
			name = Debug;
		};
		58E2DAF219BAC6CC0047444E /* Release */ = {
			isa = XCBuildConfiguration;
			buildSettings = {
				BUNDLE_LOADER = "$(BUILT_PRODUCTS_DIR)/Hacer.app/Hacer";
				FRAMEWORK_SEARCH_PATHS = (
					"$(SDKROOT)/Developer/Library/Frameworks",
					"$(inherited)",
					"$(DEVELOPER_FRAMEWORKS_DIR)",
				);
				GCC_PRECOMPILE_PREFIX_HEADER = YES;
				GCC_PREFIX_HEADER = "Hacer/Hacer-Prefix.pch";
				INFOPLIST_FILE = "HacerTests/HacerTests-Info.plist";
				PRODUCT_NAME = "$(TARGET_NAME)";
				TEST_HOST = "$(BUNDLE_LOADER)";
				WRAPPER_EXTENSION = xctest;
			};
			name = Release;
		};
/* End XCBuildConfiguration section */

/* Begin XCConfigurationList section */
		58E2DABC19BAC6CC0047444E /* Build configuration list for PBXProject "Hacer" */ = {
			isa = XCConfigurationList;
			buildConfigurations = (
				58E2DAEB19BAC6CC0047444E /* Debug */,
				58E2DAEC19BAC6CC0047444E /* Release */,
			);
			defaultConfigurationIsVisible = 0;
			defaultConfigurationName = Release;
		};
		58E2DAED19BAC6CC0047444E /* Build configuration list for PBXNativeTarget "Hacer" */ = {
			isa = XCConfigurationList;
			buildConfigurations = (
				58E2DAEE19BAC6CC0047444E /* Debug */,
				58E2DAEF19BAC6CC0047444E /* Release */,
			);
			defaultConfigurationIsVisible = 0;
			defaultConfigurationName = Release;
		};
		58E2DAF019BAC6CC0047444E /* Build configuration list for PBXNativeTarget "HacerTests" */ = {
			isa = XCConfigurationList;
			buildConfigurations = (
				58E2DAF119BAC6CC0047444E /* Debug */,
				58E2DAF219BAC6CC0047444E /* Release */,
			);
			defaultConfigurationIsVisible = 0;
			defaultConfigurationName = Release;
		};
/* End XCConfigurationList section */
	};
	rootObject = 58E2DAB919BAC6CC0047444E /* Project object */;
}
